
Microsoft Visual Studio Solution File, Format Version 12.00
# Visual Studio Version 17
VisualStudioVersion = 17.9.34607.119
MinimumVisualStudioVersion = 10.0.40219.1
Project("{9A19103F-16F7-4668-BE54-9A1E7A4F7556}") = "APIGateway", "APIGateway\APIGateway.csproj", "{94C0167D-788F-4FE1-A404-64C261D77EDA}"
EndProject
Project("{2150E333-8FDC-42A3-9474-1A3956D46DE8}") = "Services", "Services", "{99DE4992-AC06-4B01-B6A6-39F73F983FDD}"
EndProject
Project("{9A19103F-16F7-4668-BE54-9A1E7A4F7556}") = "Order.API", "Services\OrderAPI\Order.API\Order.API.csproj", "{F789C419-3C4E-44CE-A5B6-A5FA8133607B}"
EndProject
Project("{9A19103F-16F7-4668-BE54-9A1E7A4F7556}") = "Customer.API", "Services\CustomerAPI\Customer.API\Customer.API.csproj", "{5E1244B6-C528-425C-A294-988A9A8E1C36}"
EndProject
Project("{2150E333-8FDC-42A3-9474-1A3956D46DE8}") = "CustomerAPI", "CustomerAPI", "{F3E425FC-795C-4F0B-9AE3-0FFB17B1728E}"
EndProject
Project("{2150E333-8FDC-42A3-9474-1A3956D46DE8}") = "OrderAPI", "OrderAPI", "{901FBBB7-867E-42C3-8968-C7D178D2DC4E}"
EndProject
Project("{9A19103F-16F7-4668-BE54-9A1E7A4F7556}") = "Customer.API.Application", "Services\CustomerAPI\Customer.API.Application\Customer.API.Application.csproj", "{0B587F4D-5602-4FE0-99EF-A6AE71B22E6A}"
EndProject
Project("{9A19103F-16F7-4668-BE54-9A1E7A4F7556}") = "Customer.API.Persistence", "Services\CustomerAPI\Customer.API.Persistence\Customer.API.Persistence.csproj", "{1F085DA4-457F-46DD-B9E3-94B66CAEB3E3}"
EndProject
Project("{9A19103F-16F7-4668-BE54-9A1E7A4F7556}") = "Customer.API.Domain", "Services\CustomerAPI\Customer.API.Domain\Customer.API.Domain.csproj", "{5984CE5D-F616-4EBE-A338-E2D614882085}"
EndProject
Project("{9A19103F-16F7-4668-BE54-9A1E7A4F7556}") = "Order.API.Application", "Services\OrderAPI\Order.API.Application\Order.API.Application.csproj", "{58D7F7ED-4F32-4AD5-9871-F5E616C0C2E8}"
EndProject
Project("{9A19103F-16F7-4668-BE54-9A1E7A4F7556}") = "Order.API.Domain", "Services\OrderAPI\Order.API.Domain\Order.API.Domain.csproj", "{839E663D-4DC5-4A8E-AE6B-A551C74D23C6}"
EndProject
Project("{9A19103F-16F7-4668-BE54-9A1E7A4F7556}") = "Order.API.Persistence", "Services\OrderAPI\Order.API.Persistence\Order.API.Persistence.csproj", "{97B4871A-9D31-4FC6-A5E7-ED47584A4D88}"
EndProject
Project("{2150E333-8FDC-42A3-9474-1A3956D46DE8}") = "ConsumerAPI", "ConsumerAPI", "{59560ED1-317B-4E80-853D-F153945DA0EC}"
EndProject
Project("{FAE04EC0-301F-11D3-BF4B-00C04F79EFBC}") = "Consumer.API", "Services\Consumer.API\Consumer.API.csproj", "{9A4C481C-BEA0-4FDD-A4CE-90AD2455293C}"
EndProject
Global
	GlobalSection(SolutionConfigurationPlatforms) = preSolution
		Debug|Any CPU = Debug|Any CPU
		Release|Any CPU = Release|Any CPU
	EndGlobalSection
	GlobalSection(ProjectConfigurationPlatforms) = postSolution
		{94C0167D-788F-4FE1-A404-64C261D77EDA}.Debug|Any CPU.ActiveCfg = Debug|Any CPU
		{94C0167D-788F-4FE1-A404-64C261D77EDA}.Debug|Any CPU.Build.0 = Debug|Any CPU
		{94C0167D-788F-4FE1-A404-64C261D77EDA}.Release|Any CPU.ActiveCfg = Release|Any CPU
		{94C0167D-788F-4FE1-A404-64C261D77EDA}.Release|Any CPU.Build.0 = Release|Any CPU
		{F789C419-3C4E-44CE-A5B6-A5FA8133607B}.Debug|Any CPU.ActiveCfg = Debug|Any CPU
		{F789C419-3C4E-44CE-A5B6-A5FA8133607B}.Debug|Any CPU.Build.0 = Debug|Any CPU
		{F789C419-3C4E-44CE-A5B6-A5FA8133607B}.Release|Any CPU.ActiveCfg = Release|Any CPU
		{F789C419-3C4E-44CE-A5B6-A5FA8133607B}.Release|Any CPU.Build.0 = Release|Any CPU
		{5E1244B6-C528-425C-A294-988A9A8E1C36}.Debug|Any CPU.ActiveCfg = Debug|Any CPU
		{5E1244B6-C528-425C-A294-988A9A8E1C36}.Debug|Any CPU.Build.0 = Debug|Any CPU
		{5E1244B6-C528-425C-A294-988A9A8E1C36}.Release|Any CPU.ActiveCfg = Release|Any CPU
		{5E1244B6-C528-425C-A294-988A9A8E1C36}.Release|Any CPU.Build.0 = Release|Any CPU
		{0B587F4D-5602-4FE0-99EF-A6AE71B22E6A}.Debug|Any CPU.ActiveCfg = Debug|Any CPU
		{0B587F4D-5602-4FE0-99EF-A6AE71B22E6A}.Debug|Any CPU.Build.0 = Debug|Any CPU
		{0B587F4D-5602-4FE0-99EF-A6AE71B22E6A}.Release|Any CPU.ActiveCfg = Release|Any CPU
		{0B587F4D-5602-4FE0-99EF-A6AE71B22E6A}.Release|Any CPU.Build.0 = Release|Any CPU
		{1F085DA4-457F-46DD-B9E3-94B66CAEB3E3}.Debug|Any CPU.ActiveCfg = Debug|Any CPU
		{1F085DA4-457F-46DD-B9E3-94B66CAEB3E3}.Debug|Any CPU.Build.0 = Debug|Any CPU
		{1F085DA4-457F-46DD-B9E3-94B66CAEB3E3}.Release|Any CPU.ActiveCfg = Release|Any CPU
		{1F085DA4-457F-46DD-B9E3-94B66CAEB3E3}.Release|Any CPU.Build.0 = Release|Any CPU
		{5984CE5D-F616-4EBE-A338-E2D614882085}.Debug|Any CPU.ActiveCfg = Debug|Any CPU
		{5984CE5D-F616-4EBE-A338-E2D614882085}.Debug|Any CPU.Build.0 = Debug|Any CPU
		{5984CE5D-F616-4EBE-A338-E2D614882085}.Release|Any CPU.ActiveCfg = Release|Any CPU
		{5984CE5D-F616-4EBE-A338-E2D614882085}.Release|Any CPU.Build.0 = Release|Any CPU
		{58D7F7ED-4F32-4AD5-9871-F5E616C0C2E8}.Debug|Any CPU.ActiveCfg = Debug|Any CPU
		{58D7F7ED-4F32-4AD5-9871-F5E616C0C2E8}.Debug|Any CPU.Build.0 = Debug|Any CPU
		{58D7F7ED-4F32-4AD5-9871-F5E616C0C2E8}.Release|Any CPU.ActiveCfg = Release|Any CPU
		{58D7F7ED-4F32-4AD5-9871-F5E616C0C2E8}.Release|Any CPU.Build.0 = Release|Any CPU
		{839E663D-4DC5-4A8E-AE6B-A551C74D23C6}.Debug|Any CPU.ActiveCfg = Debug|Any CPU
		{839E663D-4DC5-4A8E-AE6B-A551C74D23C6}.Debug|Any CPU.Build.0 = Debug|Any CPU
		{839E663D-4DC5-4A8E-AE6B-A551C74D23C6}.Release|Any CPU.ActiveCfg = Release|Any CPU
		{839E663D-4DC5-4A8E-AE6B-A551C74D23C6}.Release|Any CPU.Build.0 = Release|Any CPU
		{97B4871A-9D31-4FC6-A5E7-ED47584A4D88}.Debug|Any CPU.ActiveCfg = Debug|Any CPU
		{97B4871A-9D31-4FC6-A5E7-ED47584A4D88}.Debug|Any CPU.Build.0 = Debug|Any CPU
		{97B4871A-9D31-4FC6-A5E7-ED47584A4D88}.Release|Any CPU.ActiveCfg = Release|Any CPU
		{97B4871A-9D31-4FC6-A5E7-ED47584A4D88}.Release|Any CPU.Build.0 = Release|Any CPU
		{9A4C481C-BEA0-4FDD-A4CE-90AD2455293C}.Debug|Any CPU.ActiveCfg = Debug|Any CPU
		{9A4C481C-BEA0-4FDD-A4CE-90AD2455293C}.Debug|Any CPU.Build.0 = Debug|Any CPU
		{9A4C481C-BEA0-4FDD-A4CE-90AD2455293C}.Release|Any CPU.ActiveCfg = Release|Any CPU
		{9A4C481C-BEA0-4FDD-A4CE-90AD2455293C}.Release|Any CPU.Build.0 = Release|Any CPU
	EndGlobalSection
	GlobalSection(SolutionProperties) = preSolution
		HideSolutionNode = FALSE
	EndGlobalSection
	GlobalSection(NestedProjects) = preSolution
		{F789C419-3C4E-44CE-A5B6-A5FA8133607B} = {901FBBB7-867E-42C3-8968-C7D178D2DC4E}
		{5E1244B6-C528-425C-A294-988A9A8E1C36} = {F3E425FC-795C-4F0B-9AE3-0FFB17B1728E}
		{F3E425FC-795C-4F0B-9AE3-0FFB17B1728E} = {99DE4992-AC06-4B01-B6A6-39F73F983FDD}
		{901FBBB7-867E-42C3-8968-C7D178D2DC4E} = {99DE4992-AC06-4B01-B6A6-39F73F983FDD}
		{0B587F4D-5602-4FE0-99EF-A6AE71B22E6A} = {F3E425FC-795C-4F0B-9AE3-0FFB17B1728E}
		{1F085DA4-457F-46DD-B9E3-94B66CAEB3E3} = {F3E425FC-795C-4F0B-9AE3-0FFB17B1728E}
		{5984CE5D-F616-4EBE-A338-E2D614882085} = {F3E425FC-795C-4F0B-9AE3-0FFB17B1728E}
		{58D7F7ED-4F32-4AD5-9871-F5E616C0C2E8} = {901FBBB7-867E-42C3-8968-C7D178D2DC4E}
		{839E663D-4DC5-4A8E-AE6B-A551C74D23C6} = {901FBBB7-867E-42C3-8968-C7D178D2DC4E}
		{97B4871A-9D31-4FC6-A5E7-ED47584A4D88} = {901FBBB7-867E-42C3-8968-C7D178D2DC4E}
		{59560ED1-317B-4E80-853D-F153945DA0EC} = {99DE4992-AC06-4B01-B6A6-39F73F983FDD}
		{9A4C481C-BEA0-4FDD-A4CE-90AD2455293C} = {59560ED1-317B-4E80-853D-F153945DA0EC}
	EndGlobalSection
	GlobalSection(ExtensibilityGlobals) = postSolution
		SolutionGuid = {28FB4340-BE72-4616-BCF8-3FE9CF2A7DE0}
	EndGlobalSection
EndGlobal
